version = 1
revision = 3
requires-python = ">=3.11"

[[package]]
name = "pre-commit-hooks"
version = "6.0.0"
source = { registry = "https://pypi.org/simple" }
dependencies = [
    { name = "ruamel-yaml" },
]
sdist = { url = "https://files.pythonhosted.org/packages/36/4d/93e63e48f8fd16d6c1e4cef5dabadcade4d1325c7fd6f29f075a4d2284f3/pre_commit_hooks-6.0.0.tar.gz", hash = "sha256:76d8370c006f5026cdd638a397a678d26dda735a3c88137e05885a020f824034", size = 28293, upload-time = "2025-08-09T19:25:04.6Z" }
wheels = [
    { url = "https://files.pythonhosted.org/packages/12/46/eba9be9daa403fa94854ce16a458c29df9a01c6c047931c3d8be6016cd9a/pre_commit_hooks-6.0.0-py2.py3-none-any.whl", hash = "sha256:76161b76d321d2f8ee2a8e0b84c30ee8443e01376121fd1c90851e33e3bd7ee2", size = 41338, upload-time = "2025-08-09T19:25:03.513Z" },
]

[[package]]
name = "prek"
version = "0.3.10"
source = { registry = "https://pypi.org/simple" }
sdist = { url = "https://files.pythonhosted.org/packages/a2/31/3e68cd8f45cb5f3f81009ff42d3a3cde0887b83f214a4eb0ded9ae239cc2/prek-0.3.10.tar.gz", hash = "sha256:f4e9c533612bbaa9f89eca0e80ab6e59a05b0fd15ca7c6642a35bb303731ad6f", size = 425926, upload-time = "2026-04-21T11:29:37.122Z" }
wheels = [
    { url = "https://files.pythonhosted.org/packages/62/b7/306d57aaaf503be1ee58929f9e58e812fbde9bea52c1a578e4996d82425a/prek-0.3.10-py3-none-linux_armv6l.whl", hash = "sha256:7250661f003d902b7b601141d64c7015f93eeeeeb1c485f714374582714d7c51", size = 5416913, upload-time = "2026-04-21T11:29:33.716Z" },
    { url = "https://files.pythonhosted.org/packages/93/ec/4b4b60d17c5eb639779a059d7f66a8fff5b38c7cb26c9c5b3a853cc6a9c8/prek-0.3.10-py3-none-macosx_10_12_x86_64.whl", hash = "sha256:9da699368bb11e85fc58b57ae4c1ccc703364b1d95b595bd17a27b27fa6df50d", size = 5784725, upload-time = "2026-04-21T11:29:38.356Z" },
    { url = "https://files.pythonhosted.org/packages/f3/c3/6d4dcc9446a1630a888e3f105c4775536afe58c20f18833fec8e0d841ac0/prek-0.3.10-py3-none-macosx_11_0_arm64.whl", hash = "sha256:f245fa9935cee6ea7d5ba1c6e7dd7546ccf6f01fb7d604bb6a344c8e3b49a9c2", size = 5360071, upload-time = "2026-04-21T11:29:10.743Z" },
    { url = "https://files.pythonhosted.org/packages/36/2d/d1f63ca15f4a275fcdc712fd9ef64787abb4ba86f2e79986a26108a5f1e7/prek-0.3.10-py3-none-manylinux_2_17_aarch64.manylinux2014_aarch64.musllinux_1_1_aarch64.whl", hash = "sha256:d321cad394ef4436ed9fce74150076a5eefabe310ed01b3f5735746284b9d046", size = 5615550, upload-time = "2026-04-21T11:29:30.985Z" },
    { url = "https://files.pythonhosted.org/packages/7c/1b/a925050ba30791e50e7690a6dabe33dc08a0133e7efab4b9d91088261d40/prek-0.3.10-py3-none-manylinux_2_17_armv7l.manylinux2014_armv7l.whl", hash = "sha256:25e80017ecf06a11bf9c8ebcb67d38183e0abf2f18e012ee6a5f91d1b9c065d6", size = 5338159, upload-time = "2026-04-21T11:29:25.314Z" },
    { url = "https://files.pythonhosted.org/packages/56/ec/7d563a333198ead10f9a13fcf72ca910a59135b5d58429ed3b1fff9a0ff9/prek-0.3.10-py3-none-manylinux_2_17_i686.manylinux2014_i686.whl", hash = "sha256:ba24b4c8e40cb9ae96d58efa3eb91813cdff4f10b78b79201c93a0dc6b8763e2", size = 5728600, upload-time = "2026-04-21T11:29:23.687Z" },
    { url = "https://files.pythonhosted.org/packages/4c/88/10d493ef308f10321b92bb4e65ab60030b3c5c6304790c678be249e383e3/prek-0.3.10-py3-none-manylinux_2_17_s390x.manylinux2014_s390x.whl", hash = "sha256:aac1c6f8dabb0a202a27516bf78cbfbe8a05b7cfebe2078ff6d0e12e7c77c7d5", size = 6610055, upload-time = "2026-04-21T11:29:27.398Z" },
    { url = "https://files.pythonhosted.org/packages/c4/14/552b239d99fdd09fd6664b69089359340778f84a9f866a1fecc38b66c811/prek-0.3.10-py3-none-manylinux_2_17_x86_64.manylinux2014_x86_64.whl", hash = "sha256:5a9a446e178562e2c3cfc71c8f0b21043b571209533a104042b6b9e36662849e", size = 6007394, upload-time = "2026-04-21T11:29:14.466Z" },
    { url = "https://files.pythonhosted.org/packages/21/80/12b9de6b6721a27f57ed633a8864435ec2fa7535cba7f48f3ea4a52ce683/prek-0.3.10-py3-none-manylinux_2_28_aarch64.whl", hash = "sha256:d7344b2acb88b52592c0e0f3dd33349f75e6a4813d3bb44385aa8c70084990ca", size = 5616625, upload-time = "2026-04-21T11:29:29.511Z" },
    { url = "https://files.pythonhosted.org/packages/69/02/7235f6b6d65a3e6e036b211a240432bc4f51adfdbbdcc03b5ce60a238a84/prek-0.3.10-py3-none-manylinux_2_31_riscv64.whl", hash = "sha256:f2fe5ca3fe797a647243c10c0a9f9c2c27c1d4a0cdcb7f836a0cb8c5c2c603d8", size = 5431581, upload-time = "2026-04-21T11:29:20.399Z" },
    { url = "https://files.pythonhosted.org/packages/7d/0c/0dd0013c6a9c6b23d070a57fe5c015c40c7b3e84217e4fb1ca9e465768c6/prek-0.3.10-py3-none-musllinux_1_1_armv7l.whl", hash = "sha256:6d39031e4acf7670b905d77ea807e2ce1b6309604d54740f3152d601b71ae5e0", size = 5318252, upload-time = "2026-04-21T11:29:40.34Z" },
    { url = "https://files.pythonhosted.org/packages/74/d7/5407ca904a7f2ffe63b1333e503d2f21ec23eda93e93fb45a491d78e0d76/prek-0.3.10-py3-none-musllinux_1_1_i686.whl", hash = "sha256:27865f3134dd566ffd76388a9f0de6ee931336794e32741b8e22c90a61f3fc39", size = 5589312, upload-time = "2026-04-21T11:29:18.3Z" },
    { url = "https://files.pythonhosted.org/packages/e0/05/460b0c498db65e9a2e590b6918aad3395291d8d9f2c080fce7201d12a5de/prek-0.3.10-py3-none-musllinux_1_1_x86_64.whl", hash = "sha256:3e6b65338a06add2bc47a86f837607b4705855ade9457f2f50676a7a5a509cd9", size = 6122323, upload-time = "2026-04-21T11:29:12.6Z" },
    { url = "https://files.pythonhosted.org/packages/ca/63/fd715bcd9ed5debd60dc589d6117ab9eaf0ef0b106e0bb976e1bcaa96e29/prek-0.3.10-py3-none-win32.whl", hash = "sha256:e2529515ce81292c938181702dbfc75516efa5bb1d4dc1295e6f8b2655eec881", size = 5115503, upload-time = "2026-04-21T11:29:35.677Z" },
    { url = "https://files.pythonhosted.org/packages/6a/0d/a34f57ca3efa228fa75a976fcf698d5705b5b9a750c8dd1b86857b24f3b0/prek-0.3.10-py3-none-win_amd64.whl", hash = "sha256:0846228fa277a8bdf5a3eeea90eb3ac8eff2bf71900919373f12d142e19c8f8c", size = 5496962, upload-time = "2026-04-21T11:29:16.71Z" },
    { url = "https://files.pythonhosted.org/packages/ea/de/8b9f20f712c21756e52feed95fdacd52f48811a7bc6e3816cd04725b1240/prek-0.3.10-py3-none-win_arm64.whl", hash = "sha256:dedcdb4e5a52ee3e0463c061cabdcb94a7443875053cebfadb8228b3bf917035", size = 5340403, upload-time = "2026-04-21T11:29:22.11Z" },
]

[[package]]
name = "ruamel-yaml"
version = "0.19.1"
source = { registry = "https://pypi.org/simple" }
sdist = { url = "https://files.pythonhosted.org/packages/c7/3b/ebda527b56beb90cb7652cb1c7e4f91f48649fbcd8d2eb2fb6e77cd3329b/ruamel_yaml-0.19.1.tar.gz", hash = "sha256:53eb66cd27849eff968ebf8f0bf61f46cdac2da1d1f3576dd4ccee9b25c31993", size = 142709, upload-time = "2026-01-02T16:50:31.84Z" }
wheels = [
    { url = "https://files.pythonhosted.org/packages/b8/0c/51f6841f1d84f404f92463fc2b1ba0da357ca1e3db6b7fbda26956c3b82a/ruamel_yaml-0.19.1-py3-none-any.whl", hash = "sha256:27592957fedf6e0b62f281e96effd28043345e0e66001f97683aa9a40c667c93", size = 118102, upload-time = "2026-01-02T16:50:29.201Z" },
]

[[package]]
name = "ruff"
version = "0.15.11"
source = { registry = "https://pypi.org/simple" }
sdist = { url = "https://files.pythonhosted.org/packages/e4/8d/192f3d7103816158dfd5ea50d098ef2aec19194e6cbccd4b3485bdb2eb2d/ruff-0.15.11.tar.gz", hash = "sha256:f092b21708bf0e7437ce9ada249dfe688ff9a0954fc94abab05dcea7dcd29c33", size = 4637264, upload-time = "2026-04-16T18:46:26.58Z" }
wheels = [
    { url = "https://files.pythonhosted.org/packages/02/1e/6aca3427f751295ab011828e15e9bf452200ac74484f1db4be0197b8170b/ruff-0.15.11-py3-none-linux_armv6l.whl", hash = "sha256:e927cfff503135c558eb581a0c9792264aae9507904eb27809cdcff2f2c847b7", size = 10607943, upload-time = "2026-04-16T18:46:05.967Z" },
    { url = "https://files.pythonhosted.org/packages/e7/26/1341c262e74f36d4e84f3d6f4df0ac68cd53331a66bfc5080daa17c84c0b/ruff-0.15.11-py3-none-macosx_10_12_x86_64.whl", hash = "sha256:7a1b5b2938d8f890b76084d4fa843604d787a912541eae85fd7e233398bbb73e", size = 10988592, upload-time = "2026-04-16T18:46:00.742Z" },
    { url = "https://files.pythonhosted.org/packages/03/71/850b1d6ffa9564fbb6740429bad53df1094082fe515c8c1e74b6d8d05f18/ruff-0.15.11-py3-none-macosx_11_0_arm64.whl", hash = "sha256:d4176f3d194afbdaee6e41b9ccb1a2c287dba8700047df474abfbe773825d1cb", size = 10338501, upload-time = "2026-04-16T18:46:03.723Z" },
    { url = "https://files.pythonhosted.org/packages/f2/11/cc1284d3e298c45a817a6aadb6c3e1d70b45c9b36d8d9cce3387b495a03a/ruff-0.15.11-py3-none-manylinux_2_17_aarch64.manylinux2014_aarch64.whl", hash = "sha256:3b17c886fb88203ced3afe7f14e8d5ae96e9d2f4ccc0ee66aa19f2c2675a27e4", size = 10670693, upload-time = "2026-04-16T18:46:41.941Z" },
    { url = "https://files.pythonhosted.org/packages/ce/9e/f8288b034ab72b371513c13f9a41d9ba3effac54e24bfb467b007daee2ca/ruff-0.15.11-py3-none-manylinux_2_17_armv7l.manylinux2014_armv7l.whl", hash = "sha256:49fafa220220afe7758a487b048de4c8f9f767f37dfefad46b9dd06759d003eb", size = 10416177, upload-time = "2026-04-16T18:46:21.717Z" },
    { url = "https://files.pythonhosted.org/packages/85/71/504d79abfd3d92532ba6bbe3d1c19fada03e494332a59e37c7c2dabae427/ruff-0.15.11-py3-none-manylinux_2_17_i686.manylinux2014_i686.whl", hash = "sha256:f2ab8427e74a00d93b8bda1307b1e60970d40f304af38bccb218e056c220120d", size = 11221886, upload-time = "2026-04-16T18:46:15.086Z" },
    { url = "https://files.pythonhosted.org/packages/43/5a/947e6ab7a5ad603d65b474be15a4cbc6d29832db5d762cd142e4e3a74164/ruff-0.15.11-py3-none-manylinux_2_17_ppc64le.manylinux2014_ppc64le.whl", hash = "sha256:195072c0c8e1fc8f940652073df082e37a5d9cb43b4ab1e4d0566ab8977a13b7", size = 12075183, upload-time = "2026-04-16T18:46:07.944Z" },
    { url = "https://files.pythonhosted.org/packages/9f/a1/0b7bb6268775fdd3a0818aee8efd8f5b4e231d24dd4d528ced2534023182/ruff-0.15.11-py3-none-manylinux_2_17_s390x.manylinux2014_s390x.whl", hash = "sha256:a3a0996d486af3920dec930a2e7daed4847dfc12649b537a9335585ada163e9e", size = 11516575, upload-time = "2026-04-16T18:46:31.687Z" },
    { url = "https://files.pythonhosted.org/packages/30/c3/bb5168fc4d233cc06e95f482770d0f3c87945a0cd9f614b90ea8dc2f2833/ruff-0.15.11-py3-none-manylinux_2_17_x86_64.manylinux2014_x86_64.whl", hash = "sha256:1bef2cb556d509259f1fe440bb9cd33c756222cf0a7afe90d15edf0866702431", size = 11306537, upload-time = "2026-04-16T18:46:36.988Z" },
    { url = "https://files.pythonhosted.org/packages/e4/92/4cfae6441f3967317946f3b788136eecf093729b94d6561f963ed810c82e/ruff-0.15.11-py3-none-manylinux_2_31_riscv64.whl", hash = "sha256:030d921a836d7d4a12cf6e8d984a88b66094ccb0e0f17ddd55067c331191bf19", size = 11296813, upload-time = "2026-04-16T18:46:24.182Z" },
    { url = "https://files.pythonhosted.org/packages/43/26/972784c5dde8313acde8ac71ba8ac65475b85db4a2352a76c9934361f9bc/ruff-0.15.11-py3-none-musllinux_1_2_aarch64.whl", hash = "sha256:0e783b599b4577788dbbb66b9addcef87e9a8832f4ce0c19e34bf55543a2f890", size = 10633136, upload-time = "2026-04-16T18:46:39.802Z" },
    { url = "https://files.pythonhosted.org/packages/5b/53/3985a4f185020c2f367f2e08a103032e12564829742a1b417980ce1514a0/ruff-0.15.11-py3-none-musllinux_1_2_armv7l.whl", hash = "sha256:ae90592246625ba4a34349d68ec28d4400d75182b71baa196ddb9f82db025ef5", size = 10424701, upload-time = "2026-04-16T18:46:10.381Z" },
    { url = "https://files.pythonhosted.org/packages/d3/57/bf0dfb32241b56c83bb663a826133da4bf17f682ba8c096973065f6e6a68/ruff-0.15.11-py3-none-musllinux_1_2_i686.whl", hash = "sha256:1f111d62e3c983ed20e0ca2e800f8d77433a5b1161947df99a5c2a3fb60514f0", size = 10873887, upload-time = "2026-04-16T18:46:29.157Z" },
    { url = "https://files.pythonhosted.org/packages/02/05/e48076b2a57dc33ee8c7a957296f97c744ca891a8ffb4ffb1aaa3b3f517d/ruff-0.15.11-py3-none-musllinux_1_2_x86_64.whl", hash = "sha256:06f483d6646f59eaffba9ae30956370d3a886625f511a3108994000480621d1c", size = 11404316, upload-time = "2026-04-16T18:46:19.462Z" },
    { url = "https://files.pythonhosted.org/packages/88/27/0195d15fe7a897cbcba0904792c4b7c9fdd958456c3a17d2ea6093716a9a/ruff-0.15.11-py3-none-win32.whl", hash = "sha256:476a2aa56b7da0b73a3ee80b6b2f0e19cce544245479adde7baa65466664d5f3", size = 10655535, upload-time = "2026-04-16T18:46:12.47Z" },
    { url = "https://files.pythonhosted.org/packages/3a/5e/c927b325bd4c1d3620211a4b96f47864633199feed60fa936025ab27e090/ruff-0.15.11-py3-none-win_amd64.whl", hash = "sha256:8b6756d88d7e234fb0c98c91511aae3cd519d5e3ed271cae31b20f39cb2a12a3", size = 11779692, upload-time = "2026-04-16T18:46:17.268Z" },
    { url = "https://files.pythonhosted.org/packages/63/b6/aeadee5443e49baa2facd51131159fd6301cc4ccfc1541e4df7b021c37dd/ruff-0.15.11-py3-none-win_arm64.whl", hash = "sha256:063fed18cc1bbe0ee7393957284a6fe8b588c6a406a285af3ee3f46da2391ee4", size = 11032614, upload-time = "2026-04-16T18:46:34.487Z" },
]

[[package]]
name = "youtube-chapters"
version = "0.0.0"
source = { virtual = "." }

[package.dev-dependencies]
dev = [
    { name = "pre-commit-hooks" },
    { name = "prek" },
    { name = "ruff" },
]

[package.metadata]

[package.metadata.requires-dev]
dev = [
    { name = "pre-commit-hooks", specifier = "==6.0.0" },
    { name = "prek", specifier = "==0.3.10" },
    { name = "ruff", specifier = "==0.15.11" },
]
