version = 1
revision = 3
requires-python = ">=3.11"

[[package]]
name = "pre-commit-hooks"
version = "6.0.0"
source = { registry = "https://pypi.org/simple" }
dependencies = [
    { name = "ruamel-yaml" },
]
sdist = { url = "https://files.pythonhosted.org/packages/36/4d/93e63e48f8fd16d6c1e4cef5dabadcade4d1325c7fd6f29f075a4d2284f3/pre_commit_hooks-6.0.0.tar.gz", hash = "sha256:76d8370c006f5026cdd638a397a678d26dda735a3c88137e05885a020f824034", size = 28293, upload-time = "2025-08-09T19:25:04.6Z" }
wheels = [
    { url = "https://files.pythonhosted.org/packages/12/46/eba9be9daa403fa94854ce16a458c29df9a01c6c047931c3d8be6016cd9a/pre_commit_hooks-6.0.0-py2.py3-none-any.whl", hash = "sha256:76161b76d321d2f8ee2a8e0b84c30ee8443e01376121fd1c90851e33e3bd7ee2", size = 41338, upload-time = "2025-08-09T19:25:03.513Z" },
]

[[package]]
name = "prek"
version = "0.2.28"
source = { registry = "https://pypi.org/simple" }
sdist = { url = "https://files.pythonhosted.org/packages/54/d7/dda8a6b7819bdb9d1f54fa046911e80974d862bacba75a3539b43a9bb858/prek-0.2.28.tar.gz", hash = "sha256:ac54f58cad26e617a5c5459b705ff1cbaaa41640db03d8d35e39645aca1b82cf", size = 283945, upload-time = "2026-01-13T15:12:20.185Z" }
wheels = [
    { url = "https://files.pythonhosted.org/packages/7e/8c/2e18867e31d06dfa4974bf31c4e597dc1d2b3671b3c04d85f1f6a32ebc74/prek-0.2.28-py3-none-linux_armv6l.whl", hash = "sha256:1705c0bd035379cb5f1d03c19481821363d72d7923303fe8c84fd8cc7c6c3318", size = 4802811, upload-time = "2026-01-13T15:12:14.698Z" },
    { url = "https://files.pythonhosted.org/packages/26/fa/6c6d0b0d8b2f21301da2bb3441f22232ed5a8cba1b63eeb18244d2192a2e/prek-0.2.28-py3-none-macosx_10_12_x86_64.whl", hash = "sha256:67677c08767c278335b31ebcbf00c1c73e14eadd99a0d8537dfb43c54482673a", size = 4904156, upload-time = "2026-01-13T15:12:21.184Z" },
    { url = "https://files.pythonhosted.org/packages/fc/5a/aa071ef1c2e6c3f58b50d9138676c96dd6de2323a44e1a3e56e18d25c382/prek-0.2.28-py3-none-macosx_11_0_arm64.whl", hash = "sha256:ffac92215058ea6ba954a8e3f978dcd2a5e89922a318fcb7035fb9c0ab4de395", size = 4630803, upload-time = "2026-01-13T15:12:06.158Z" },
    { url = "https://files.pythonhosted.org/packages/77/dc/66498e805a0bb17820de0c3575d75b202c66045a9bfeeff9305d9bedd126/prek-0.2.28-py3-none-manylinux_2_17_aarch64.manylinux2014_aarch64.musllinux_1_1_aarch64.whl", hash = "sha256:413c3da1c9b252b3fd5113f4a04c2dead3c793b0ec56fc55294bb797ba7ca056", size = 4826037, upload-time = "2026-01-13T15:12:12.726Z" },
    { url = "https://files.pythonhosted.org/packages/27/ad/99cccc9283c7b34cd92356fcb301a2b1c25a8b65dc34b86c671b0f8e29d8/prek-0.2.28-py3-none-manylinux_2_17_armv7l.manylinux2014_armv7l.whl", hash = "sha256:e99639bb68b70704e7b3f7f1a51cb23527c4dbd4b8a01dfccaa70f26f8f6c58b", size = 4723658, upload-time = "2026-01-13T15:12:01.538Z" },
    { url = "https://files.pythonhosted.org/packages/53/13/ce3edc2dda7b65485612e08ab038b8dd1ef7b10a94b0193f527b19a5e246/prek-0.2.28-py3-none-manylinux_2_17_i686.manylinux2014_i686.whl", hash = "sha256:33c4a1b2a8a76581476ae327d6d4f1b0af6af42a90d436e21e45c72cb1081b81", size = 5044611, upload-time = "2026-01-13T15:12:26.331Z" },
    { url = "https://files.pythonhosted.org/packages/48/47/6405d7ad7959d9b57d56fec9a1b4b2e00abeb955084dd45d100fb50a8377/prek-0.2.28-py3-none-manylinux_2_17_s390x.manylinux2014_s390x.whl", hash = "sha256:6236dda18152fc56b9f802ce2914fbb2d19f9891595d552228c7894004b3332f", size = 5511371, upload-time = "2026-01-13T15:12:24.453Z" },
    { url = "https://files.pythonhosted.org/packages/92/cc/108c227fae40268ece36b80e5649037f1a816518e9b6d585d128b263df79/prek-0.2.28-py3-none-manylinux_2_17_x86_64.manylinux2014_x86_64.whl", hash = "sha256:d6506709d9a52ee431d48b249b8b5fb93597a9511eb260ee85d868750425057f", size = 5099352, upload-time = "2026-01-13T15:12:18.876Z" },
    { url = "https://files.pythonhosted.org/packages/12/d6/156ad3996d3a078a1bc2c0839b8681634216a494dcb298b8751beb28b327/prek-0.2.28-py3-none-manylinux_2_28_aarch64.whl", hash = "sha256:7cc920c12613440c105a767dc19acf048e8a05342ba38b48450d673bea33bd62", size = 4834340, upload-time = "2026-01-13T15:11:59.811Z" },
    { url = "https://files.pythonhosted.org/packages/f4/06/c632d4c4bb9c63d25bcc26149f99c715206a40e414fb6b80e7f800ae2e2d/prek-0.2.28-py3-none-manylinux_2_31_riscv64.whl", hash = "sha256:322a1922e6d2fcb2a4c487e01b2613856dc3206269bdc317ad28770704159e63", size = 4844870, upload-time = "2026-01-13T15:12:03.243Z" },
    { url = "https://files.pythonhosted.org/packages/ba/03/763f62d292399ee962e2583e7bc3fd2f8ee2609813c89cc10ec89a39204c/prek-0.2.28-py3-none-musllinux_1_1_armv7l.whl", hash = "sha256:a07baefe3562371368135eac3c8b9cdb831bac17b83cb1b6a8f5688050918e6c", size = 4709011, upload-time = "2026-01-13T15:12:04.701Z" },
    { url = "https://files.pythonhosted.org/packages/e1/62/49397d1a5c2aaf5e7a8c0644be901ee97934a8a2cac0052652d01b7c6585/prek-0.2.28-py3-none-musllinux_1_1_i686.whl", hash = "sha256:17e95cab33067365028ffc1d4ab6c80c6c150f88e352d7c64bdc15e0570778f6", size = 4928435, upload-time = "2026-01-13T15:11:58.147Z" },
    { url = "https://files.pythonhosted.org/packages/5e/e8/8ec73b5bb3fb9d5daf77f181cc46c541bd476075c7613f9b4c9c953925cc/prek-0.2.28-py3-none-musllinux_1_1_x86_64.whl", hash = "sha256:bc5272e2e8d81438a3cd2785c3b14b6e73dcb8e61b8a2b7ce6e693d57f7181ac", size = 5209880, upload-time = "2026-01-13T15:12:10.329Z" },
    { url = "https://files.pythonhosted.org/packages/f3/52/a784a52bf72619bdfaafdbb6c964bda404b377213e7dc786f9ad6024501c/prek-0.2.28-py3-none-win32.whl", hash = "sha256:74657a1663191fb5f09f15873704c2d2640095ce56277d36860bbd08ba7eea94", size = 4622786, upload-time = "2026-01-13T15:12:22.967Z" },
    { url = "https://files.pythonhosted.org/packages/d0/b8/ec6aafefeb05ef3a0bfcc044d036890f2b732b90ed1426acbf1e33289a44/prek-0.2.28-py3-none-win_amd64.whl", hash = "sha256:c350046d623362db65e2be1455ef1c5a96ea476e235445752fa946a705f1c1c9", size = 5316389, upload-time = "2026-01-13T15:12:17.501Z" },
    { url = "https://files.pythonhosted.org/packages/df/3f/9d4aba92cb9199cad0b056de8292a78dcca1dc1f6a6a34550799f19bde3d/prek-0.2.28-py3-none-win_arm64.whl", hash = "sha256:81db6ba7e5cf1d5ceec7d3b04e01aded32b8db8f1238ad812ac6ebc0bd35f141", size = 4974627, upload-time = "2026-01-13T15:11:56.333Z" },
]

[[package]]
name = "ruamel-yaml"
version = "0.19.1"
source = { registry = "https://pypi.org/simple" }
sdist = { url = "https://files.pythonhosted.org/packages/c7/3b/ebda527b56beb90cb7652cb1c7e4f91f48649fbcd8d2eb2fb6e77cd3329b/ruamel_yaml-0.19.1.tar.gz", hash = "sha256:53eb66cd27849eff968ebf8f0bf61f46cdac2da1d1f3576dd4ccee9b25c31993", size = 142709, upload-time = "2026-01-02T16:50:31.84Z" }
wheels = [
    { url = "https://files.pythonhosted.org/packages/b8/0c/51f6841f1d84f404f92463fc2b1ba0da357ca1e3db6b7fbda26956c3b82a/ruamel_yaml-0.19.1-py3-none-any.whl", hash = "sha256:27592957fedf6e0b62f281e96effd28043345e0e66001f97683aa9a40c667c93", size = 118102, upload-time = "2026-01-02T16:50:29.201Z" },
]

[[package]]
name = "ruff"
version = "0.14.11"
source = { registry = "https://pypi.org/simple" }
sdist = { url = "https://files.pythonhosted.org/packages/d4/77/9a7fe084d268f8855d493e5031ea03fa0af8cc05887f638bf1c4e3363eb8/ruff-0.14.11.tar.gz", hash = "sha256:f6dc463bfa5c07a59b1ff2c3b9767373e541346ea105503b4c0369c520a66958", size = 5993417, upload-time = "2026-01-08T19:11:58.322Z" }
wheels = [
    { url = "https://files.pythonhosted.org/packages/f0/a6/a4c40a5aaa7e331f245d2dc1ac8ece306681f52b636b40ef87c88b9f7afd/ruff-0.14.11-py3-none-linux_armv6l.whl", hash = "sha256:f6ff2d95cbd335841a7217bdfd9c1d2e44eac2c584197ab1385579d55ff8830e", size = 12951208, upload-time = "2026-01-08T19:12:09.218Z" },
    { url = "https://files.pythonhosted.org/packages/5c/5c/360a35cb7204b328b685d3129c08aca24765ff92b5a7efedbdd6c150d555/ruff-0.14.11-py3-none-macosx_10_12_x86_64.whl", hash = "sha256:6f6eb5c1c8033680f4172ea9c8d3706c156223010b8b97b05e82c59bdc774ee6", size = 13330075, upload-time = "2026-01-08T19:12:02.549Z" },
    { url = "https://files.pythonhosted.org/packages/1b/9e/0cc2f1be7a7d33cae541824cf3f95b4ff40d03557b575912b5b70273c9ec/ruff-0.14.11-py3-none-macosx_11_0_arm64.whl", hash = "sha256:f2fc34cc896f90080fca01259f96c566f74069a04b25b6205d55379d12a6855e", size = 12257809, upload-time = "2026-01-08T19:12:00.366Z" },
    { url = "https://files.pythonhosted.org/packages/a7/e5/5faab97c15bb75228d9f74637e775d26ac703cc2b4898564c01ab3637c02/ruff-0.14.11-py3-none-manylinux_2_17_aarch64.manylinux2014_aarch64.whl", hash = "sha256:53386375001773ae812b43205d6064dae49ff0968774e6befe16a994fc233caa", size = 12678447, upload-time = "2026-01-08T19:12:13.899Z" },
    { url = "https://files.pythonhosted.org/packages/1b/33/e9767f60a2bef779fb5855cab0af76c488e0ce90f7bb7b8a45c8a2ba4178/ruff-0.14.11-py3-none-manylinux_2_17_armv7l.manylinux2014_armv7l.whl", hash = "sha256:a697737dce1ca97a0a55b5ff0434ee7205943d4874d638fe3ae66166ff46edbe", size = 12758560, upload-time = "2026-01-08T19:11:42.55Z" },
    { url = "https://files.pythonhosted.org/packages/eb/84/4c6cf627a21462bb5102f7be2a320b084228ff26e105510cd2255ea868e5/ruff-0.14.11-py3-none-manylinux_2_17_i686.manylinux2014_i686.whl", hash = "sha256:6845ca1da8ab81ab1dce755a32ad13f1db72e7fba27c486d5d90d65e04d17b8f", size = 13599296, upload-time = "2026-01-08T19:11:30.371Z" },
    { url = "https://files.pythonhosted.org/packages/88/e1/92b5ed7ea66d849f6157e695dc23d5d6d982bd6aa8d077895652c38a7cae/ruff-0.14.11-py3-none-manylinux_2_17_ppc64.manylinux2014_ppc64.whl", hash = "sha256:e36ce2fd31b54065ec6f76cb08d60159e1b32bdf08507862e32f47e6dde8bcbf", size = 15048981, upload-time = "2026-01-08T19:12:04.742Z" },
    { url = "https://files.pythonhosted.org/packages/61/df/c1bd30992615ac17c2fb64b8a7376ca22c04a70555b5d05b8f717163cf9f/ruff-0.14.11-py3-none-manylinux_2_17_ppc64le.manylinux2014_ppc64le.whl", hash = "sha256:590bcc0e2097ecf74e62a5c10a6b71f008ad82eb97b0a0079e85defe19fe74d9", size = 14633183, upload-time = "2026-01-08T19:11:40.069Z" },
    { url = "https://files.pythonhosted.org/packages/04/e9/fe552902f25013dd28a5428a42347d9ad20c4b534834a325a28305747d64/ruff-0.14.11-py3-none-manylinux_2_17_s390x.manylinux2014_s390x.whl", hash = "sha256:53fe71125fc158210d57fe4da26e622c9c294022988d08d9347ec1cf782adafe", size = 14050453, upload-time = "2026-01-08T19:11:37.555Z" },
    { url = "https://files.pythonhosted.org/packages/ae/93/f36d89fa021543187f98991609ce6e47e24f35f008dfe1af01379d248a41/ruff-0.14.11-py3-none-manylinux_2_17_x86_64.manylinux2014_x86_64.whl", hash = "sha256:a35c9da08562f1598ded8470fcfef2afb5cf881996e6c0a502ceb61f4bc9c8a3", size = 13757889, upload-time = "2026-01-08T19:12:07.094Z" },
    { url = "https://files.pythonhosted.org/packages/b7/9f/c7fb6ecf554f28709a6a1f2a7f74750d400979e8cd47ed29feeaa1bd4db8/ruff-0.14.11-py3-none-manylinux_2_31_riscv64.whl", hash = "sha256:0f3727189a52179393ecf92ec7057c2210203e6af2676f08d92140d3e1ee72c1", size = 13955832, upload-time = "2026-01-08T19:11:55.064Z" },
    { url = "https://files.pythonhosted.org/packages/db/a0/153315310f250f76900a98278cf878c64dfb6d044e184491dd3289796734/ruff-0.14.11-py3-none-musllinux_1_2_aarch64.whl", hash = "sha256:eb09f849bd37147a789b85995ff734a6c4a095bed5fd1608c4f56afc3634cde2", size = 12586522, upload-time = "2026-01-08T19:11:35.356Z" },
    { url = "https://files.pythonhosted.org/packages/2f/2b/a73a2b6e6d2df1d74bf2b78098be1572191e54bec0e59e29382d13c3adc5/ruff-0.14.11-py3-none-musllinux_1_2_armv7l.whl", hash = "sha256:c61782543c1231bf71041461c1f28c64b961d457d0f238ac388e2ab173d7ecb7", size = 12724637, upload-time = "2026-01-08T19:11:47.796Z" },
    { url = "https://files.pythonhosted.org/packages/f0/41/09100590320394401cd3c48fc718a8ba71c7ddb1ffd07e0ad6576b3a3df2/ruff-0.14.11-py3-none-musllinux_1_2_i686.whl", hash = "sha256:82ff352ea68fb6766140381748e1f67f83c39860b6446966cff48a315c3e2491", size = 13145837, upload-time = "2026-01-08T19:11:32.87Z" },
    { url = "https://files.pythonhosted.org/packages/3b/d8/e035db859d1d3edf909381eb8ff3e89a672d6572e9454093538fe6f164b0/ruff-0.14.11-py3-none-musllinux_1_2_x86_64.whl", hash = "sha256:728e56879df4ca5b62a9dde2dd0eb0edda2a55160c0ea28c4025f18c03f86984", size = 13850469, upload-time = "2026-01-08T19:12:11.694Z" },
    { url = "https://files.pythonhosted.org/packages/4e/02/bb3ff8b6e6d02ce9e3740f4c17dfbbfb55f34c789c139e9cd91985f356c7/ruff-0.14.11-py3-none-win32.whl", hash = "sha256:337c5dd11f16ee52ae217757d9b82a26400be7efac883e9e852646f1557ed841", size = 12851094, upload-time = "2026-01-08T19:11:45.163Z" },
    { url = "https://files.pythonhosted.org/packages/58/f1/90ddc533918d3a2ad628bc3044cdfc094949e6d4b929220c3f0eb8a1c998/ruff-0.14.11-py3-none-win_amd64.whl", hash = "sha256:f981cea63d08456b2c070e64b79cb62f951aa1305282974d4d5216e6e0178ae6", size = 14001379, upload-time = "2026-01-08T19:11:52.591Z" },
    { url = "https://files.pythonhosted.org/packages/c4/1c/1dbe51782c0e1e9cfce1d1004752672d2d4629ea46945d19d731ad772b3b/ruff-0.14.11-py3-none-win_arm64.whl", hash = "sha256:649fb6c9edd7f751db276ef42df1f3df41c38d67d199570ae2a7bd6cbc3590f0", size = 12938644, upload-time = "2026-01-08T19:11:50.027Z" },
]

[[package]]
name = "youtube-chapters"
version = "0.0.0"
source = { virtual = "." }

[package.dev-dependencies]
dev = [
    { name = "pre-commit-hooks" },
    { name = "prek" },
    { name = "ruff" },
]

[package.metadata]

[package.metadata.requires-dev]
dev = [
    { name = "pre-commit-hooks", specifier = "==6.0.0" },
    { name = "prek", specifier = "==0.2.28" },
    { name = "ruff", specifier = "==0.14.11" },
]
