version = 1
revision = 3
requires-python = ">=3.11"

[[package]]
name = "pre-commit-hooks"
version = "6.0.0"
source = { registry = "https://pypi.org/simple" }
dependencies = [
    { name = "ruamel-yaml" },
]
sdist = { url = "https://files.pythonhosted.org/packages/36/4d/93e63e48f8fd16d6c1e4cef5dabadcade4d1325c7fd6f29f075a4d2284f3/pre_commit_hooks-6.0.0.tar.gz", hash = "sha256:76d8370c006f5026cdd638a397a678d26dda735a3c88137e05885a020f824034", size = 28293, upload-time = "2025-08-09T19:25:04.6Z" }
wheels = [
    { url = "https://files.pythonhosted.org/packages/12/46/eba9be9daa403fa94854ce16a458c29df9a01c6c047931c3d8be6016cd9a/pre_commit_hooks-6.0.0-py2.py3-none-any.whl", hash = "sha256:76161b76d321d2f8ee2a8e0b84c30ee8443e01376121fd1c90851e33e3bd7ee2", size = 41338, upload-time = "2025-08-09T19:25:03.513Z" },
]

[[package]]
name = "prek"
version = "0.2.30"
source = { registry = "https://pypi.org/simple" }
sdist = { url = "https://files.pythonhosted.org/packages/51/87/2ad90e933c59676b8ce373a643ba5c58e96d4626f08a796af07607a4e827/prek-0.2.30.tar.gz", hash = "sha256:e421b7854eb2228c060b40e7282c4ce4c9889f41062351bc34f55472af2a608c", size = 291247, upload-time = "2026-01-18T13:23:15.171Z" }
wheels = [
    { url = "https://files.pythonhosted.org/packages/52/1a/8dcd4580106190be9c313a72a15e309d41176fc4b6414167fba638bcee75/prek-0.2.30-py3-none-linux_armv6l.whl", hash = "sha256:50b25003fa94c0df6cd6683714ac0c6122e4f3d18ae6a487333823ec812b57d4", size = 4260268, upload-time = "2026-01-18T13:22:59.295Z" },
    { url = "https://files.pythonhosted.org/packages/2c/d0/0b9d524d409c5b1b7466f32217cb809b997613a0d0b319caab0ceb1f664b/prek-0.2.30-py3-none-macosx_10_12_x86_64.whl", hash = "sha256:e69842fec298fc065dd2428e33a50bcd124d7ac22fc4d91c442b963450d5b14d", size = 4269718, upload-time = "2026-01-18T13:22:55.575Z" },
    { url = "https://files.pythonhosted.org/packages/04/55/8e9ff2ff742174e49e2df5a14108f5997498662ff31ade35529ecea1812c/prek-0.2.30-py3-none-macosx_11_0_arm64.whl", hash = "sha256:910a370b718a128ef91e5f93baa76eeef205ac448774c491838f36511e95ce64", size = 3924968, upload-time = "2026-01-18T13:23:00.968Z" },
    { url = "https://files.pythonhosted.org/packages/2e/db/a130a32ae8c3de89efe20d11ec8d0730cd80319f0f9ca673ef4e5c8685b2/prek-0.2.30-py3-none-manylinux_2_17_aarch64.manylinux2014_aarch64.musllinux_1_1_aarch64.whl", hash = "sha256:5f9d50e0d95e5b7908299a59d6aee903ca422a032e2d9e0b5ba73c5a2911f469", size = 4254573, upload-time = "2026-01-18T13:23:09.713Z" },
    { url = "https://files.pythonhosted.org/packages/a5/ab/3b64dcf919c82bbac75c5cc8800932f3bfd2be33a60f0345b708b78b56aa/prek-0.2.30-py3-none-manylinux_2_17_armv7l.manylinux2014_armv7l.whl", hash = "sha256:801df0ecef3c3303dd1b5abe14edfe704b305c5bdca0b272bb3e317dbe3d29af", size = 4183080, upload-time = "2026-01-18T13:22:48.028Z" },
    { url = "https://files.pythonhosted.org/packages/a5/6d/4acdb306901d3b9e9c4da88b033264e5eed3b53f43a8111df25cd843f127/prek-0.2.30-py3-none-manylinux_2_17_i686.manylinux2014_i686.whl", hash = "sha256:03154e56a6956179e916ec3f564835af7a304473235fe837c3e504df1aa462c2", size = 4436996, upload-time = "2026-01-18T13:22:52.109Z" },
    { url = "https://files.pythonhosted.org/packages/c3/80/50e0e03dbfe93dbe94a79f1026e9c24eacd4a7228b27f650a2ee43ce4387/prek-0.2.30-py3-none-manylinux_2_17_s390x.manylinux2014_s390x.whl", hash = "sha256:77923501a247f94a93e272c3bacbfb7a4347aff3c57a4edb928624ddb8c65eb7", size = 4970022, upload-time = "2026-01-18T13:23:13.297Z" },
    { url = "https://files.pythonhosted.org/packages/52/4f/c9cda78678275ce1bfa97c3ef6d9ad23ef1dac2cd2d4660ad277bbcd4ab2/prek-0.2.30-py3-none-manylinux_2_17_x86_64.manylinux2014_x86_64.whl", hash = "sha256:cea2e2b1825f3e1d979492eed6d69f21d3e13cb4157212034badd01521b77b1d", size = 4494648, upload-time = "2026-01-18T13:23:08.08Z" },
    { url = "https://files.pythonhosted.org/packages/38/78/14bbe113362702bb0dd34cdb8244f0b1bc37e7482592381a8cec4d725fc5/prek-0.2.30-py3-none-manylinux_2_28_aarch64.whl", hash = "sha256:77cb9c9218a5479e10e33449dec52886c6991f7b5dd5abb9c20856c1a1fae66a", size = 4268486, upload-time = "2026-01-18T13:22:57.762Z" },
    { url = "https://files.pythonhosted.org/packages/52/17/78182dc4c4e4eed952558085b21046414c1b21e800a157d4a6f94d20bd1a/prek-0.2.30-py3-none-manylinux_2_31_riscv64.whl", hash = "sha256:c480dcbf459ea0dcf70f9d9f9f3709c11cbda06f81526b2e36430fa260ecf747", size = 4285924, upload-time = "2026-01-18T13:23:02.503Z" },
    { url = "https://files.pythonhosted.org/packages/8a/2d/ec39a4570dad4984f671a940df6078f97bb4fd993b32914358a0ed7b311a/prek-0.2.30-py3-none-musllinux_1_1_armv7l.whl", hash = "sha256:bdc5ae31543e77acf7d78fa51bf4f5cb870628856230763bc5173895ad84d327", size = 4161904, upload-time = "2026-01-18T13:23:16.397Z" },
    { url = "https://files.pythonhosted.org/packages/0f/63/e0488a50dbbeff2cf0b789d503f6425b9fd3fb3bd95e128634ee38a51f96/prek-0.2.30-py3-none-musllinux_1_1_i686.whl", hash = "sha256:859f870c823ecf1f5b28353e6ab53ae35bca2ee959c58a50a2e0100172fc2439", size = 4313514, upload-time = "2026-01-18T13:22:53.994Z" },
    { url = "https://files.pythonhosted.org/packages/cc/b4/e5fcb3d4e0275ccdb7d45494c8f628925ac05314b859ec74035ae487131a/prek-0.2.30-py3-none-musllinux_1_1_x86_64.whl", hash = "sha256:c086ae69d106abbfcb7f4b91c70e5cdf982d4485970b75b0057302b46f1708e2", size = 4599592, upload-time = "2026-01-18T13:22:50.483Z" },
    { url = "https://files.pythonhosted.org/packages/33/2e/fb615b3026c96d10c0734fc2cb972b204e8fa52947e28f5e0eb6c24a0bd0/prek-0.2.30-py3-none-win32.whl", hash = "sha256:589c6277429424ce6e5a2e669c183efa55afb9adc9f1916a34c74211a63c7a35", size = 3888524, upload-time = "2026-01-18T13:23:04.005Z" },
    { url = "https://files.pythonhosted.org/packages/eb/b4/e1dc3447af01ad12956bd17185f21a874eb1b86787fb573e577fe4d602d6/prek-0.2.30-py3-none-win_amd64.whl", hash = "sha256:b651f0b392d92d6091c3fc5adb2b1a3819311a15e92bf3eb084cb8fd5df40272", size = 4237521, upload-time = "2026-01-18T13:23:06.42Z" },
    { url = "https://files.pythonhosted.org/packages/93/ec/8150b29e7e00a9fbb70c67f35188fb8c95f1c46481427f57a30c200365f9/prek-0.2.30-py3-none-win_arm64.whl", hash = "sha256:75cd54c05d1941f1f3c12a2f4365d9429a700ad8c442ece03266b217b403941b", size = 3992917, upload-time = "2026-01-18T13:23:11.594Z" },
]

[[package]]
name = "ruamel-yaml"
version = "0.19.1"
source = { registry = "https://pypi.org/simple" }
sdist = { url = "https://files.pythonhosted.org/packages/c7/3b/ebda527b56beb90cb7652cb1c7e4f91f48649fbcd8d2eb2fb6e77cd3329b/ruamel_yaml-0.19.1.tar.gz", hash = "sha256:53eb66cd27849eff968ebf8f0bf61f46cdac2da1d1f3576dd4ccee9b25c31993", size = 142709, upload-time = "2026-01-02T16:50:31.84Z" }
wheels = [
    { url = "https://files.pythonhosted.org/packages/b8/0c/51f6841f1d84f404f92463fc2b1ba0da357ca1e3db6b7fbda26956c3b82a/ruamel_yaml-0.19.1-py3-none-any.whl", hash = "sha256:27592957fedf6e0b62f281e96effd28043345e0e66001f97683aa9a40c667c93", size = 118102, upload-time = "2026-01-02T16:50:29.201Z" },
]

[[package]]
name = "ruff"
version = "0.14.13"
source = { registry = "https://pypi.org/simple" }
sdist = { url = "https://files.pythonhosted.org/packages/50/0a/1914efb7903174b381ee2ffeebb4253e729de57f114e63595114c8ca451f/ruff-0.14.13.tar.gz", hash = "sha256:83cd6c0763190784b99650a20fec7633c59f6ebe41c5cc9d45ee42749563ad47", size = 6059504, upload-time = "2026-01-15T20:15:16.918Z" }
wheels = [
    { url = "https://files.pythonhosted.org/packages/c3/ae/0deefbc65ca74b0ab1fd3917f94dc3b398233346a74b8bbb0a916a1a6bf6/ruff-0.14.13-py3-none-linux_armv6l.whl", hash = "sha256:76f62c62cd37c276cb03a275b198c7c15bd1d60c989f944db08a8c1c2dbec18b", size = 13062418, upload-time = "2026-01-15T20:14:50.779Z" },
    { url = "https://files.pythonhosted.org/packages/47/df/5916604faa530a97a3c154c62a81cb6b735c0cb05d1e26d5ad0f0c8ac48a/ruff-0.14.13-py3-none-macosx_10_12_x86_64.whl", hash = "sha256:914a8023ece0528d5cc33f5a684f5f38199bbb566a04815c2c211d8f40b5d0ed", size = 13442344, upload-time = "2026-01-15T20:15:07.94Z" },
    { url = "https://files.pythonhosted.org/packages/4c/f3/e0e694dd69163c3a1671e102aa574a50357536f18a33375050334d5cd517/ruff-0.14.13-py3-none-macosx_11_0_arm64.whl", hash = "sha256:d24899478c35ebfa730597a4a775d430ad0d5631b8647a3ab368c29b7e7bd063", size = 12354720, upload-time = "2026-01-15T20:15:09.854Z" },
    { url = "https://files.pythonhosted.org/packages/c3/e8/67f5fcbbaee25e8fc3b56cc33e9892eca7ffe09f773c8e5907757a7e3bdb/ruff-0.14.13-py3-none-manylinux_2_17_aarch64.manylinux2014_aarch64.whl", hash = "sha256:9aaf3870f14d925bbaf18b8a2347ee0ae7d95a2e490e4d4aea6813ed15ebc80e", size = 12774493, upload-time = "2026-01-15T20:15:20.908Z" },
    { url = "https://files.pythonhosted.org/packages/6b/ce/d2e9cb510870b52a9565d885c0d7668cc050e30fa2c8ac3fb1fda15c083d/ruff-0.14.13-py3-none-manylinux_2_17_armv7l.manylinux2014_armv7l.whl", hash = "sha256:ac5b7f63dd3b27cc811850f5ffd8fff845b00ad70e60b043aabf8d6ecc304e09", size = 12815174, upload-time = "2026-01-15T20:15:05.74Z" },
    { url = "https://files.pythonhosted.org/packages/88/00/c38e5da58beebcf4fa32d0ddd993b63dfacefd02ab7922614231330845bf/ruff-0.14.13-py3-none-manylinux_2_17_i686.manylinux2014_i686.whl", hash = "sha256:78d2b1097750d90ba82ce4ba676e85230a0ed694178ca5e61aa9b459970b3eb9", size = 13680909, upload-time = "2026-01-15T20:15:14.537Z" },
    { url = "https://files.pythonhosted.org/packages/61/61/cd37c9dd5bd0a3099ba79b2a5899ad417d8f3b04038810b0501a80814fd7/ruff-0.14.13-py3-none-manylinux_2_17_ppc64.manylinux2014_ppc64.whl", hash = "sha256:7d0bf87705acbbcb8d4c24b2d77fbb73d40210a95c3903b443cd9e30824a5032", size = 15144215, upload-time = "2026-01-15T20:15:22.886Z" },
    { url = "https://files.pythonhosted.org/packages/56/8a/85502d7edbf98c2df7b8876f316c0157359165e16cdf98507c65c8d07d3d/ruff-0.14.13-py3-none-manylinux_2_17_ppc64le.manylinux2014_ppc64le.whl", hash = "sha256:a3eb5da8e2c9e9f13431032fdcbe7681de9ceda5835efee3269417c13f1fed5c", size = 14706067, upload-time = "2026-01-15T20:14:48.271Z" },
    { url = "https://files.pythonhosted.org/packages/7e/2f/de0df127feb2ee8c1e54354dc1179b4a23798f0866019528c938ba439aca/ruff-0.14.13-py3-none-manylinux_2_17_s390x.manylinux2014_s390x.whl", hash = "sha256:642442b42957093811cd8d2140dfadd19c7417030a7a68cf8d51fcdd5f217427", size = 14133916, upload-time = "2026-01-15T20:14:57.357Z" },
    { url = "https://files.pythonhosted.org/packages/0d/77/9b99686bb9fe07a757c82f6f95e555c7a47801a9305576a9c67e0a31d280/ruff-0.14.13-py3-none-manylinux_2_17_x86_64.manylinux2014_x86_64.whl", hash = "sha256:4acdf009f32b46f6e8864af19cbf6841eaaed8638e65c8dac845aea0d703c841", size = 13859207, upload-time = "2026-01-15T20:14:55.111Z" },
    { url = "https://files.pythonhosted.org/packages/7d/46/2bdcb34a87a179a4d23022d818c1c236cb40e477faf0d7c9afb6813e5876/ruff-0.14.13-py3-none-manylinux_2_31_riscv64.whl", hash = "sha256:591a7f68860ea4e003917d19b5c4f5ac39ff558f162dc753a2c5de897fd5502c", size = 14043686, upload-time = "2026-01-15T20:14:52.841Z" },
    { url = "https://files.pythonhosted.org/packages/1a/a9/5c6a4f56a0512c691cf143371bcf60505ed0f0860f24a85da8bd123b2bf1/ruff-0.14.13-py3-none-musllinux_1_2_aarch64.whl", hash = "sha256:774c77e841cc6e046fc3e91623ce0903d1cd07e3a36b1a9fe79b81dab3de506b", size = 12663837, upload-time = "2026-01-15T20:15:18.921Z" },
    { url = "https://files.pythonhosted.org/packages/fe/bb/b920016ece7651fa7fcd335d9d199306665486694d4361547ccb19394c44/ruff-0.14.13-py3-none-musllinux_1_2_armv7l.whl", hash = "sha256:61f4e40077a1248436772bb6512db5fc4457fe4c49e7a94ea7c5088655dd21ae", size = 12805867, upload-time = "2026-01-15T20:14:59.272Z" },
    { url = "https://files.pythonhosted.org/packages/7d/b3/0bd909851e5696cd21e32a8fc25727e5f58f1934b3596975503e6e85415c/ruff-0.14.13-py3-none-musllinux_1_2_i686.whl", hash = "sha256:6d02f1428357fae9e98ac7aa94b7e966fd24151088510d32cf6f902d6c09235e", size = 13208528, upload-time = "2026-01-15T20:15:03.732Z" },
    { url = "https://files.pythonhosted.org/packages/3b/3b/e2d94cb613f6bbd5155a75cbe072813756363eba46a3f2177a1fcd0cd670/ruff-0.14.13-py3-none-musllinux_1_2_x86_64.whl", hash = "sha256:e399341472ce15237be0c0ae5fbceca4b04cd9bebab1a2b2c979e015455d8f0c", size = 13929242, upload-time = "2026-01-15T20:15:11.918Z" },
    { url = "https://files.pythonhosted.org/packages/6a/c5/abd840d4132fd51a12f594934af5eba1d5d27298a6f5b5d6c3be45301caf/ruff-0.14.13-py3-none-win32.whl", hash = "sha256:ef720f529aec113968b45dfdb838ac8934e519711da53a0456038a0efecbd680", size = 12919024, upload-time = "2026-01-15T20:14:43.647Z" },
    { url = "https://files.pythonhosted.org/packages/c2/55/6384b0b8ce731b6e2ade2b5449bf07c0e4c31e8a2e68ea65b3bafadcecc5/ruff-0.14.13-py3-none-win_amd64.whl", hash = "sha256:6070bd026e409734b9257e03e3ef18c6e1a216f0435c6751d7a8ec69cb59abef", size = 14097887, upload-time = "2026-01-15T20:15:01.48Z" },
    { url = "https://files.pythonhosted.org/packages/4d/e1/7348090988095e4e39560cfc2f7555b1b2a7357deba19167b600fdf5215d/ruff-0.14.13-py3-none-win_arm64.whl", hash = "sha256:7ab819e14f1ad9fe39f246cfcc435880ef7a9390d81a2b6ac7e01039083dd247", size = 13080224, upload-time = "2026-01-15T20:14:45.853Z" },
]

[[package]]
name = "youtube-chapters"
version = "0.0.0"
source = { virtual = "." }

[package.dev-dependencies]
dev = [
    { name = "pre-commit-hooks" },
    { name = "prek" },
    { name = "ruff" },
]

[package.metadata]

[package.metadata.requires-dev]
dev = [
    { name = "pre-commit-hooks", specifier = "==6.0.0" },
    { name = "prek", specifier = "==0.2.30" },
    { name = "ruff", specifier = "==0.14.13" },
]
